// !$*UTF8*$!
{
	archiveVersion = 1;
	classes = {
	};
	objectVersion = 46;
	objects = {

/* Begin PBXBuildFile section */
		81BFF7E81CEC47070077A0F9 /* AppDelegate.swift in Sources */ = {isa = PBXBuildFile; fileRef = 81BFF7E71CEC47070077A0F9 /* AppDelegate.swift */; };
		81BFF7EA1CEC47070077A0F9 /* ViewController.swift in Sources */ = {isa = PBXBuildFile; fileRef = 81BFF7E91CEC47070077A0F9 /* ViewController.swift */; };
		81BFF7ED1CEC47070077A0F9 /* Main.storyboard in Resources */ = {isa = PBXBuildFile; fileRef = 81BFF7EB1CEC47070077A0F9 /* Main.storyboard */; };
		81BFF7EF1CEC47070077A0F9 /* Assets.xcassets in Resources */ = {isa = PBXBuildFile; fileRef = 81BFF7EE1CEC47070077A0F9 /* Assets.xcassets */; };
		81BFF7F21CEC47070077A0F9 /* LaunchScreen.storyboard in Resources */ = {isa = PBXBuildFile; fileRef = 81BFF7F01CEC47070077A0F9 /* LaunchScreen.storyboard */; };
		81BFF7FA1CEC54570077A0F9 /* IPAddressKeyboard.xib in Resources */ = {isa = PBXBuildFile; fileRef = 81BFF7F91CEC54570077A0F9 /* IPAddressKeyboard.xib */; };
		81BFF7FC1CEC54860077A0F9 /* IPAddressKeyboard.swift in Sources */ = {isa = PBXBuildFile; fileRef = 81BFF7FB1CEC54860077A0F9 /* IPAddressKeyboard.swift */; };
/* End PBXBuildFile section */

/* Begin PBXFileReference section */
		81BFF7E41CEC47060077A0F9 /* IPTextField.app */ = {isa = PBXFileReference; explicitFileType = wrapper.application; includeInIndex = 0; path = IPTextField.app; sourceTree = BUILT_PRODUCTS_DIR; };
		81BFF7E71CEC47070077A0F9 /* AppDelegate.swift */ = {isa = PBXFileReference; lastKnownFileType = sourcecode.swift; path = AppDelegate.swift; sourceTree = "<group>"; };
		81BFF7E91CEC47070077A0F9 /* ViewController.swift */ = {isa = PBXFileReference; lastKnownFileType = sourcecode.swift; path = ViewController.swift; sourceTree = "<group>"; };
		81BFF7EC1CEC47070077A0F9 /* Base */ = {isa = PBXFileReference; lastKnownFileType = file.storyboard; name = Base; path = Base.lproj/Main.storyboard; sourceTree = "<group>"; };
		81BFF7EE1CEC47070077A0F9 /* Assets.xcassets */ = {isa = PBXFileReference; lastKnownFileType = folder.assetcatalog; path = Assets.xcassets; sourceTree = "<group>"; };
		81BFF7F11CEC47070077A0F9 /* Base */ = {isa = PBXFileReference; lastKnownFileType = file.storyboard; name = Base; path = Base.lproj/LaunchScreen.storyboard; sourceTree = "<group>"; };
		81BFF7F31CEC47070077A0F9 /* Info.plist */ = {isa = PBXFileReference; lastKnownFileType = text.plist.xml; path = Info.plist; sourceTree = "<group>"; };
		81BFF7F91CEC54570077A0F9 /* IPAddressKeyboard.xib */ = {isa = PBXFileReference; fileEncoding = 4; lastKnownFileType = file.xib; path = IPAddressKeyboard.xib; sourceTree = "<group>"; };
		81BFF7FB1CEC54860077A0F9 /* IPAddressKeyboard.swift */ = {isa = PBXFileReference; fileEncoding = 4; lastKnownFileType = sourcecode.swift; path = IPAddressKeyboard.swift; sourceTree = "<group>"; };
/* End PBXFileReference section */

/* Begin PBXFrameworksBuildPhase section */
		81BFF7E11CEC47060077A0F9 /* Frameworks */ = {
			isa = PBXFrameworksBuildPhase;
			buildActionMask = 2147483647;
			files = (
			);
			runOnlyForDeploymentPostprocessing = 0;
		};
/* End PBXFrameworksBuildPhase section */

/* Begin PBXGroup section */
		81BFF7DB1CEC47060077A0F9 = {
			isa = PBXGroup;
			children = (
				81BFF7E61CEC47070077A0F9 /* IPTextField */,
				81BFF7E51CEC47060077A0F9 /* Products */,
			);
			sourceTree = "<group>";
		};
		81BFF7E51CEC47060077A0F9 /* Products */ = {
			isa = PBXGroup;
			children = (
				81BFF7E41CEC47060077A0F9 /* IPTextField.app */,
			);
			name = Products;
			sourceTree = "<group>";
		};
		81BFF7E61CEC47070077A0F9 /* IPTextField */ = {
			isa = PBXGroup;
			children = (
				81BFF7E71CEC47070077A0F9 /* AppDelegate.swift */,
				81BFF7FB1CEC54860077A0F9 /* IPAddressKeyboard.swift */,
				81BFF7F91CEC54570077A0F9 /* IPAddressKeyboard.xib */,
				81BFF7E91CEC47070077A0F9 /* ViewController.swift */,
				81BFF7EB1CEC47070077A0F9 /* Main.storyboard */,
				81BFF7EE1CEC47070077A0F9 /* Assets.xcassets */,
				81BFF7F01CEC47070077A0F9 /* LaunchScreen.storyboard */,
				81BFF7F31CEC47070077A0F9 /* Info.plist */,
			);
			path = IPTextField;
			sourceTree = "<group>";
		};
/* End PBXGroup section */

/* Begin PBXNativeTarget section */
		81BFF7E31CEC47060077A0F9 /* IPTextField */ = {
			isa = PBXNativeTarget;
			buildConfigurationList = 81BFF7F61CEC47070077A0F9 /* Build configuration list for PBXNativeTarget "IPTextField" */;
			buildPhases = (
				81BFF7E01CEC47060077A0F9 /* Sources */,
				81BFF7E11CEC47060077A0F9 /* Frameworks */,
				81BFF7E21CEC47060077A0F9 /* Resources */,
			);
			buildRules = (
			);
			dependencies = (
			);
			name = IPTextField;
			productName = IPTextField;
			productReference = 81BFF7E41CEC47060077A0F9 /* IPTextField.app */;
			productType = "com.apple.product-type.application";
		};
/* End PBXNativeTarget section */

/* Begin PBXProject section */
		81BFF7DC1CEC47060077A0F9 /* Project object */ = {
			isa = PBXProject;
			attributes = {
				LastSwiftUpdateCheck = 0730;
				LastUpgradeCheck = 0730;
				ORGANIZATIONNAME = "戸嶋誠";
				TargetAttributes = {
					81BFF7E31CEC47060077A0F9 = {
						CreatedOnToolsVersion = 7.3.1;
					};
				};
			};
			buildConfigurationList = 81BFF7DF1CEC47060077A0F9 /* Build configuration list for PBXProject "IPTextField" */;
			compatibilityVersion = "Xcode 3.2";
			developmentRegion = English;
			hasScannedForEncodings = 0;
			knownRegions = (
				en,
				Base,
			);
			mainGroup = 81BFF7DB1CEC47060077A0F9;
			productRefGroup = 81BFF7E51CEC47060077A0F9 /* Products */;
			projectDirPath = "";
			projectRoot = "";
			targets = (
				81BFF7E31CEC47060077A0F9 /* IPTextField */,
			);
		};
/* End PBXProject section */

/* Begin PBXResourcesBuildPhase section */
		81BFF7E21CEC47060077A0F9 /* Resources */ = {
			isa = PBXResourcesBuildPhase;
			buildActionMask = 2147483647;
			files = (
				81BFF7F21CEC47070077A0F9 /* LaunchScreen.storyboard in Resources */,
				81BFF7FA1CEC54570077A0F9 /* IPAddressKeyboard.xib in Resources */,
				81BFF7EF1CEC47070077A0F9 /* Assets.xcassets in Resources */,
				81BFF7ED1CEC47070077A0F9 /* Main.storyboard in Resources */,
			);
			runOnlyForDeploymentPostprocessing = 0;
		};
/* End PBXResourcesBuildPhase section */

/* Begin PBXSourcesBuildPhase section */
		81BFF7E01CEC47060077A0F9 /* Sources */ = {
			isa = PBXSourcesBuildPhase;
			buildActionMask = 2147483647;
			files = (
				81BFF7EA1CEC47070077A0F9 /* ViewController.swift in Sources */,
				81BFF7E81CEC47070077A0F9 /* AppDelegate.swift in Sources */,
				81BFF7FC1CEC54860077A0F9 /* IPAddressKeyboard.swift in Sources */,
			);
			runOnlyForDeploymentPostprocessing = 0;
		};
/* End PBXSourcesBuildPhase section */

/* Begin PBXVariantGroup section */
		81BFF7EB1CEC47070077A0F9 /* Main.storyboard */ = {
			isa = PBXVariantGroup;
			children = (
				81BFF7EC1CEC47070077A0F9 /* Base */,
			);
			name = Main.storyboard;
			sourceTree = "<group>";
		};
		81BFF7F01CEC47070077A0F9 /* LaunchScreen.storyboard */ = {
			isa = PBXVariantGroup;
			children = (
				81BFF7F11CEC47070077A0F9 /* Base */,
			);
			name = LaunchScreen.storyboard;
			sourceTree = "<group>";
		};
/* End PBXVariantGroup section */

/* Begin XCBuildConfiguration section */
		81BFF7F41CEC47070077A0F9 /* Debug */ = {
			isa = XCBuildConfiguration;
			buildSettings = {
				ALWAYS_SEARCH_USER_PATHS = NO;
				CLANG_ANALYZER_NONNULL = YES;
				CLANG_CXX_LANGUAGE_STANDARD = "gnu++0x";
				CLANG_CXX_LIBRARY = "libc++";
				CLANG_ENABLE_MODULES = YES;
				CLANG_ENABLE_OBJC_ARC = YES;
				CLANG_WARN_BOOL_CONVERSION = YES;
				CLANG_WARN_CONSTANT_CONVERSION = YES;
				CLANG_WARN_DIRECT_OBJC_ISA_USAGE = YES_ERROR;
				CLANG_WARN_EMPTY_BODY = YES;
				CLANG_WARN_ENUM_CONVERSION = YES;
				CLANG_WARN_INT_CONVERSION = YES;
				CLANG_WARN_OBJC_ROOT_CLASS = YES_ERROR;
				CLANG_WARN_UNREACHABLE_CODE = YES;
				CLANG_WARN__DUPLICATE_METHOD_MATCH = YES;
				"CODE_SIGN_IDENTITY[sdk=iphoneos*]" = "iPhone Developer";
				COPY_PHASE_STRIP = NO;
				DEBUG_INFORMATION_FORMAT = dwarf;
				ENABLE_STRICT_OBJC_MSGSEND = YES;
				ENABLE_TESTABILITY = YES;
				GCC_C_LANGUAGE_STANDARD = gnu99;
				GCC_DYNAMIC_NO_PIC = NO;
				GCC_NO_COMMON_BLOCKS = YES;
				GCC_OPTIMIZATION_LEVEL = 0;
				GCC_PREPROCESSOR_DEFINITIONS = (
					"DEBUG=1",
					"$(inherited)",
				);
				GCC_WARN_64_TO_32_BIT_CONVERSION = YES;
				GCC_WARN_ABOUT_RETURN_TYPE = YES_ERROR;
				GCC_WARN_UNDECLARED_SELECTOR = YES;
				GCC_WARN_UNINITIALIZED_AUTOS = YES_AGGRESSIVE;
				GCC_WARN_UNUSED_FUNCTION = YES;
				GCC_WARN_UNUSED_VARIABLE = YES;
				IPHONEOS_DEPLOYMENT_TARGET = 8.4;
				MTL_ENABLE_DEBUG_INFO = YES;
				ONLY_ACTIVE_ARCH = YES;
				SDKROOT = iphoneos;
				SWIFT_OPTIMIZATION_LEVEL = "-Onone";
				TARGETED_DEVICE_FAMILY = "1,2";
			};
			name = Debug;
		};
		81BFF7F51CEC47070077A0F9 /* Release */ = {
			isa = XCBuildConfiguration;
			buildSettings = {
				ALWAYS_SEARCH_USER_PATHS = NO;
				CLANG_ANALYZER_NONNULL = YES;
				CLANG_CXX_LANGUAGE_STANDARD = "gnu++0x";
				CLANG_CXX_LIBRARY = "libc++";
				CLANG_ENABLE_MODULES = YES;
				CLANG_ENABLE_OBJC_ARC = YES;
				CLANG_WARN_BOOL_CONVERSION = YES;
				CLANG_WARN_CONSTANT_CONVERSION = YES;
				CLANG_WARN_DIRECT_OBJC_ISA_USAGE = YES_ERROR;
				CLANG_WARN_EMPTY_BODY = YES;
				CLANG_WARN_ENUM_CONVERSION = YES;
				CLANG_WARN_INT_CONVERSION = YES;
				CLANG_WARN_OBJC_ROOT_CLASS = YES_ERROR;
				CLANG_WARN_UNREACHABLE_CODE = YES;
				CLANG_WARN__DUPLICATE_METHOD_MATCH = YES;
				"CODE_SIGN_IDENTITY[sdk=iphoneos*]" = "iPhone Developer";
				COPY_PHASE_STRIP = NO;
				DEBUG_INFORMATION_FORMAT = "dwarf-with-dsym";
				ENABLE_NS_ASSERTIONS = NO;
				ENABLE_STRICT_OBJC_MSGSEND = YES;
				GCC_C_LANGUAGE_STANDARD = gnu99;
				GCC_NO_COMMON_BLOCKS = YES;
				GCC_WARN_64_TO_32_BIT_CONVERSION = YES;
				GCC_WARN_ABOUT_RETURN_TYPE = YES_ERROR;
				GCC_WARN_UNDECLARED_SELECTOR = YES;
				GCC_WARN_UNINITIALIZED_AUTOS = YES_AGGRESSIVE;
				GCC_WARN_UNUSED_FUNCTION = YES;
				GCC_WARN_UNUSED_VARIABLE = YES;
				IPHONEOS_DEPLOYMENT_TARGET = 8.4;
				MTL_ENABLE_DEBUG_INFO = NO;
				SDKROOT = iphoneos;
				TARGETED_DEVICE_FAMILY = "1,2";
				VALIDATE_PRODUCT = YES;
			};
			name = Release;
		};
		81BFF7F71CEC47070077A0F9 /* Debug */ = {
			isa = XCBuildConfiguration;
			buildSettings = {
				ASSETCATALOG_COMPILER_APPICON_NAME = AppIcon;
				INFOPLIST_FILE = IPTextField/Info.plist;
				LD_RUNPATH_SEARCH_PATHS = "$(inherited) @executable_path/Frameworks";
				PRODUCT_BUNDLE_IDENTIFIER = jp.abt.IPTextField;
				PRODUCT_NAME = "$(TARGET_NAME)";
			};
			name = Debug;
		};
		81BFF7F81CEC47070077A0F9 /* Release */ = {
			isa = XCBuildConfiguration;
			buildSettings = {
				ASSETCATALOG_COMPILER_APPICON_NAME = AppIcon;
				INFOPLIST_FILE = IPTextField/Info.plist;
				LD_RUNPATH_SEARCH_PATHS = "$(inherited) @executable_path/Frameworks";
				PRODUCT_BUNDLE_IDENTIFIER = jp.abt.IPTextField;
				PRODUCT_NAME = "$(TARGET_NAME)";
			};
			name = Release;
		};
/* End XCBuildConfiguration section */

/* Begin XCConfigurationList section */
		81BFF7DF1CEC47060077A0F9 /* Build configuration list for PBXProject "IPTextField" */ = {
			isa = XCConfigurationList;
			buildConfigurations = (
				81BFF7F41CEC47070077A0F9 /* Debug */,
				81BFF7F51CEC47070077A0F9 /* Release */,
			);
			defaultConfigurationIsVisible = 0;
			defaultConfigurationName = Release;
		};
		81BFF7F61CEC47070077A0F9 /* Build configuration list for PBXNativeTarget "IPTextField" */ = {
			isa = XCConfigurationList;
			buildConfigurations = (
				81BFF7F71CEC47070077A0F9 /* Debug */,
				81BFF7F81CEC47070077A0F9 /* Release */,
			);
			defaultConfigurationIsVisible = 0;
			defaultConfigurationName = Release;
		};
/* End XCConfigurationList section */
	};
	rootObject = 81BFF7DC1CEC47060077A0F9 /* Project object */;
}
